
Microsoft Visual Studio Solution File, Format Version 12.00
# Visual Studio 15
VisualStudioVersion = 15.0.26730.12
MinimumVisualStudioVersion = 10.0.40219.1
Project("{FAE04EC0-301F-11D3-BF4B-00C04F79EFBC}") = "PraktikaJaanuar", "PraktikaJaanuar\PraktikaJaanuar.csproj", "{960AA984-3B19-43B4-9660-DED86D88AA45}"
EndProject
Global
	GlobalSection(SolutionConfigurationPlatforms) = preSolution
		Debug|Any CPU = Debug|Any CPU
		Release|Any CPU = Release|Any CPU
	EndGlobalSection
	GlobalSection(ProjectConfigurationPlatforms) = postSolution
		{960AA984-3B19-43B4-9660-DED86D88AA45}.Debug|Any CPU.ActiveCfg = Debug|Any CPU
		{960AA984-3B19-43B4-9660-DED86D88AA45}.Debug|Any CPU.Build.0 = Debug|Any CPU
		{960AA984-3B19-43B4-9660-DED86D88AA45}.Release|Any CPU.ActiveCfg = Release|Any CPU
		{960AA984-3B19-43B4-9660-DED86D88AA45}.Release|Any CPU.Build.0 = Release|Any CPU
	EndGlobalSection
	GlobalSection(SolutionProperties) = preSolution
		HideSolutionNode = FALSE
	EndGlobalSection
	GlobalSection(ExtensibilityGlobals) = postSolution
		SolutionGuid = {131871FE-FB73-446E-8A04-5E83E9BF1E1F}
	EndGlobalSection
EndGlobal
